<?xml version="1.0" encoding="utf-8"?>
<Project ToolsVersion="4.0" xmlns="http://schemas.microsoft.com/developer/msbuild/2003">
  <ItemGroup>
    <Filter Include="Source Files">
      <UniqueIdentifier>{4FC737F1-C7A5-4376-A066-2A32D752A2FF}</UniqueIdentifier>
      <Extensions>cpp;c;cc;cxx;def;odl;idl;hpj;bat;asm;asmx</Extensions>
    </Filter>
    <Filter Include="Header Files">
      <UniqueIdentifier>{93995380-89BD-4b04-88EB-625FBE52EBFB}</UniqueIdentifier>
      <Extensions>h;hh;hpp;hxx;hm;inl;inc;xsd</Extensions>
    </Filter>
    <Filter Include="Resource Files">
      <UniqueIdentifier>{67DA6AB6-F800-4c08-8B7A-83BB121AAD01}</UniqueIdentifier>
      <Extensions>rc;ico;cur;bmp;dlg;rc2;rct;bin;rgs;gif;jpg;jpeg;jpe;resx;tiff;tif;png;wav;mfcribbon-ms</Extensions>
    </Filter>
    <Filter Include="Header Files\NVEnc">
      <UniqueIdentifier>{e71adcdf-52aa-4e51-8323-2e0d0d57eb62}</UniqueIdentifier>
    </Filter>
  </ItemGroup>
  <ItemGroup>
    <ClCompile Include="main.cpp">
      <Filter>Source Files</Filter>
    </ClCompile>
    <ClCompile Include="DDAImpl.cpp">
      <Filter>Source Files</Filter>
    </ClCompile>
    <ClCompile Include="tensorRT\onnxplugin\onnxplugin.cpp">
      <Filter>Source Files</Filter>
    </ClCompile>
    <ClCompile Include="tensorRT\onnxplugin\plugin_binary_io.cpp">
      <Filter>Source Files</Filter>
    </ClCompile>
    <ClCompile Include="tensorRT\onnx_parser\onnx2trt_utils.cpp">
      <Filter>Source Files</Filter>
    </ClCompile>
    <ClCompile Include="tensorRT\onnx_parser\onnxErrorRecorder.cpp">
      <Filter>Source Files</Filter>
    </ClCompile>
    <ClCompile Include="tensorRT\onnx_parser\builtin_op_importers.cpp">
      <Filter>Source Files</Filter>
    </ClCompile>
    <ClCompile Include="tensorRT\onnx_parser\ShapedWeights.cpp">
      <Filter>Source Files</Filter>
    </ClCompile>
    <ClCompile Include="tensorRT\onnx_parser\OnnxAttrs.cpp">
      <Filter>Source Files</Filter>
    </ClCompile>
    <ClCompile Include="tensorRT\onnx_parser\RNNHelpers.cpp">
      <Filter>Source Files</Filter>
    </ClCompile>
    <ClCompile Include="tensorRT\onnx_parser\ShapeTensor.cpp">
      <Filter>Source Files</Filter>
    </ClCompile>
    <ClCompile Include="tensorRT\onnx_parser\ModelImporter.cpp">
      <Filter>Source Files</Filter>
    </ClCompile>
    <ClCompile Include="tensorRT\onnx_parser\NvOnnxParser.cpp">
      <Filter>Source Files</Filter>
    </ClCompile>
    <ClCompile Include="tensorRT\onnx_parser\LoopHelpers.cpp">
      <Filter>Source Files</Filter>
    </ClCompile>
    <ClCompile Include="tensorRT\onnx\onnx-ml.pb.cpp">
      <Filter>Source Files</Filter>
    </ClCompile>
    <ClCompile Include="tensorRT\onnx\onnx-operators-ml.pb.cpp">
      <Filter>Source Files</Filter>
    </ClCompile>
    <ClCompile Include="tensorRT\import_lib.cpp">
      <Filter>Source Files</Filter>
    </ClCompile>
    <ClCompile Include="tensorRT\infer\trt_infer.cpp">
      <Filter>Source Files</Filter>
    </ClCompile>
    <ClCompile Include="tensorRT\common\trt_tensor.cpp">
      <Filter>Source Files</Filter>
    </ClCompile>
    <ClCompile Include="tensorRT\common\ilogger.cpp">
      <Filter>Source Files</Filter>
    </ClCompile>
    <ClCompile Include="tensorRT\common\json.cpp">
      <Filter>Source Files</Filter>
    </ClCompile>
    <ClCompile Include="tensorRT\common\cuda_tools.cpp">
      <Filter>Source Files</Filter>
    </ClCompile>
    <ClCompile Include="tensorRT\builder\trt_builder.cpp">
      <Filter>Source Files</Filter>
    </ClCompile>
    <ClCompile Include="yolo\yolo.cpp">
      <Filter>Source Files</Filter>
    </ClCompile>
    <ClCompile Include="openpose\Openpose.cpp">
      <Filter>Source Files</Filter>
    </ClCompile>
    <ClCompile Include="openpose\TensorrtPoseNet.cpp">
      <Filter>Source Files</Filter>
    </ClCompile>
    <ClCompile Include="openpose\parse\connect_parts.cpp">
      <Filter>Source Files</Filter>
    </ClCompile>
    <ClCompile Include="openpose\parse\find_peaks.cpp">
      <Filter>Source Files</Filter>
    </ClCompile>
    <ClCompile Include="openpose\parse\munkres.cpp">
      <Filter>Source Files</Filter>
    </ClCompile>
    <ClCompile Include="openpose\parse\paf_score_graph.cpp">
      <Filter>Source Files</Filter>
    </ClCompile>
    <ClCompile Include="openpose\parse\refine_peaks.cpp">
      <Filter>Source Files</Filter>
    </ClCompile>
  </ItemGroup>
  <ItemGroup>
    <ClInclude Include="Defs.h">
      <Filter>Header Files</Filter>
    </ClInclude>
    <ClInclude Include="DDAImpl.h">
      <Filter>Header Files</Filter>
    </ClInclude>
    <ClInclude Include="..\Samples\Utils\Logger.h">
      <Filter>Header Files\NVEnc</Filter>
    </ClInclude>
    <ClInclude Include="..\Samples\NvCodec\NvEncoder\nvEncodeAPI.h">
      <Filter>Header Files\NVEnc</Filter>
    </ClInclude>
    <ClInclude Include="..\Samples\NvCodec\NvEncoder\NvEncoder.h">
      <Filter>Header Files\NVEnc</Filter>
    </ClInclude>
    <ClInclude Include="..\Samples\NvCodec\NvEncoder\NvEncoderD3D11.h">
      <Filter>Header Files\NVEnc</Filter>
    </ClInclude>
    <ClInclude Include="openpose\Openpose.h">
      <Filter>Header Files</Filter>
    </ClInclude>
    <ClInclude Include="openpose\resize.h">
      <Filter>Header Files</Filter>
    </ClInclude>
    <ClInclude Include="openpose\TensorrtPoseNet.h">
      <Filter>Header Files</Filter>
    </ClInclude>
    <ClInclude Include="openpose\parse\connect_parts.hpp">
      <Filter>Source Files</Filter>
    </ClInclude>
    <ClInclude Include="openpose\parse\find_peaks.hpp">
      <Filter>Source Files</Filter>
    </ClInclude>
    <ClInclude Include="openpose\parse\munkres.hpp">
      <Filter>Source Files</Filter>
    </ClInclude>
    <ClInclude Include="openpose\parse\paf_score_graph.hpp">
      <Filter>Source Files</Filter>
    </ClInclude>
    <ClInclude Include="openpose\parse\refine_peaks.hpp">
      <Filter>Source Files</Filter>
    </ClInclude>
  </ItemGroup>
  <ItemGroup>
    <CudaCompile Include="yolo\yolo_decode.cu">
      <Filter>Source Files</Filter>
    </CudaCompile>
    <CudaCompile Include="tensorRT\common\preprocess_kernel.cu">
      <Filter>Source Files</Filter>
    </CudaCompile>
    <CudaCompile Include="openpose\resize.cu">
      <Filter>Source Files</Filter>
    </CudaCompile>
  </ItemGroup>
</Project>